
Microsoft Visual Studio Solution File, Format Version 12.00
# Visual Studio Version 16
VisualStudioVersion = 16.0.30225.117
MinimumVisualStudioVersion = 10.0.40219.1
Project("{FAE04EC0-301F-11D3-BF4B-00C04F79EFBC}") = "DynamicScreen", "DynamicScreen\DynamicScreen.csproj", "{049084FE-646B-4F24-A14D-BB1705A5130D}"
EndProject
Global
	GlobalSection(SolutionConfigurationPlatforms) = preSolution
		Debug|Any CPU = Debug|Any CPU
		Release|Any CPU = Release|Any CPU
	EndGlobalSection
	GlobalSection(ProjectConfigurationPlatforms) = postSolution
		{049084FE-646B-4F24-A14D-BB1705A5130D}.Debug|Any CPU.ActiveCfg = Debug|Any CPU
		{049084FE-646B-4F24-A14D-BB1705A5130D}.Debug|Any CPU.Build.0 = Debug|Any CPU
		{049084FE-646B-4F24-A14D-BB1705A5130D}.Release|Any CPU.ActiveCfg = Release|Any CPU
		{049084FE-646B-4F24-A14D-BB1705A5130D}.Release|Any CPU.Build.0 = Release|Any CPU
	EndGlobalSection
	GlobalSection(SolutionProperties) = preSolution
		HideSolutionNode = FALSE
	EndGlobalSection
	GlobalSection(ExtensibilityGlobals) = postSolution
		SolutionGuid = {17FBE144-4142-43E8-BDA1-5D73C1522068}
	EndGlobalSection
EndGlobal
